
Microsoft Visual Studio Solution File, Format Version 12.00
# Visual Studio Version 16
VisualStudioVersion = 16.0.30804.86
MinimumVisualStudioVersion = 10.0.40219.1
Project("{FAE04EC0-301F-11D3-BF4B-00C04F79EFBC}") = "PissedOffProject", "PissedOffProject\PissedOffProject.csproj", "{31100E13-FE5F-4B55-9F21-AF82C7BE6C92}"
EndProject
Global
	GlobalSection(SolutionConfigurationPlatforms) = preSolution
		Debug|Any CPU = Debug|Any CPU
		Release|Any CPU = Release|Any CPU
	EndGlobalSection
	GlobalSection(ProjectConfigurationPlatforms) = postSolution
		{31100E13-FE5F-4B55-9F21-AF82C7BE6C92}.Debug|Any CPU.ActiveCfg = Debug|Any CPU
		{31100E13-FE5F-4B55-9F21-AF82C7BE6C92}.Debug|Any CPU.Build.0 = Debug|Any CPU
		{31100E13-FE5F-4B55-9F21-AF82C7BE6C92}.Release|Any CPU.ActiveCfg = Release|Any CPU
		{31100E13-FE5F-4B55-9F21-AF82C7BE6C92}.Release|Any CPU.Build.0 = Release|Any CPU
	EndGlobalSection
	GlobalSection(SolutionProperties) = preSolution
		HideSolutionNode = FALSE
	EndGlobalSection
	GlobalSection(ExtensibilityGlobals) = postSolution
		SolutionGuid = {0F2C6004-1D4D-4419-BA01-C3BBB1433616}
	EndGlobalSection
EndGlobal
